PODS:
  - Alamofire (5.0.0-rc.2)
  - AppAuth (1.2.0):
    - AppAuth/Core (= 1.2.0)
    - AppAuth/ExternalUserAgent (= 1.2.0)
  - AppAuth/Core (1.2.0)
  - AppAuth/ExternalUserAgent (1.2.0)
  - Carte (2.2.0)
  - Differentiator (4.0.1)
  - GoogleSignIn (5.0.0):
    - AppAuth (~> 1.1)
    - GTMAppAuth (~> 1.0)
    - GTMSessionFetcher/Core (~> 1.1)
  - GTMAppAuth (1.0.0):
    - AppAuth/Core (~> 1.0)
    - GTMSessionFetcher (~> 1.1)
  - GTMSessionFetcher (1.2.2):
    - GTMSessionFetcher/Full (= 1.2.2)
  - GTMSessionFetcher/Core (1.2.2)
  - GTMSessionFetcher/Full (1.2.2):
    - GTMSessionFetcher/Core (= 1.2.2)
  - KeychainAccess (3.2.0)
  - Moya/Core (14.0.0-beta.3):
    - Alamofire (= 5.0.0-rc.2)
  - Moya/RxSwift (14.0.0-beta.3):
    - Moya/Core
    - RxSwift (~> 5.0)
  - Pure (1.1.1):
    - Pure/Core (= 1.1.1)
  - Pure/Core (1.1.1)
  - ReactorKit (2.0.1):
    - RxSwift (~> 5.0)
  - RxCocoa (5.0.0):
    - RxRelay (~> 5)
    - RxSwift (~> 5)
  - RxDataSources (4.0.1):
    - Differentiator (~> 4.0)
    - RxCocoa (~> 5.0)
    - RxSwift (~> 5.0)
  - RxKeyboard (1.0.0):
    - RxCocoa (~> 5.0)
    - RxSwift (~> 5.0)
  - RxRelay (5.0.0):
    - RxSwift (~> 5)
  - RxSwift (5.0.0)
  - RxSwiftExt (5.1.1):
    - RxSwiftExt/Core (= 5.1.1)
    - RxSwiftExt/RxCocoa (= 5.1.1)
  - RxSwiftExt/Core (5.1.1):
    - RxSwift (~> 5.0)
  - RxSwiftExt/RxCocoa (5.1.1):
    - RxCocoa (~> 5.0)
    - RxSwiftExt/Core
  - RxViewController (1.0.0):
    - RxCocoa (~> 5.0)
    - RxSwift (~> 5.0)
  - SnapKit (5.0.1)
  - SwiftLint (0.35.0)
  - Then (2.6.0)

DEPENDENCIES:
  - Alamofire (~> 5.0.0-rc.2)
  - Carte
  - GoogleSignIn
  - KeychainAccess (~> 3.2.0)
  - Moya/RxSwift (~> 14.0.0-beta.3)
  - Pure
  - ReactorKit
  - RxCocoa (~> 5.0)
  - RxDataSources (~> 4.0)
  - RxKeyboard
  - RxSwift (~> 5.0)
  - RxSwiftExt (~> 5.0)
  - RxViewController
  - SnapKit (~> 5.0)
  - SwiftLint
  - Then

SPEC REPOS:
  https://github.com/cocoapods/specs.git:
    - Alamofire
    - AppAuth
    - Carte
    - Differentiator
    - GoogleSignIn
    - GTMAppAuth
    - GTMSessionFetcher
    - KeychainAccess
    - Moya
    - Pure
    - ReactorKit
    - RxCocoa
    - RxDataSources
    - RxKeyboard
    - RxRelay
    - RxSwift
    - RxSwiftExt
    - RxViewController
    - SnapKit
    - SwiftLint
    - Then

SPEC CHECKSUMS:
  Alamofire: f9450d3c7f6bea2ad62e7a541c3e9b186c7991d6
  AppAuth: bce82c76043657c99d91e7882e8a9e1a93650cd4
  Carte: bca44c5112fac5866c2fa3da9fa018fa54eb8ba7
  Differentiator: 886080237d9f87f322641dedbc5be257061b0602
  GoogleSignIn: a62edd0516721d2a3db1259a5681b91f9b41c06a
  GTMAppAuth: 4deac854479704f348309e7b66189e604cf5e01e
  GTMSessionFetcher: 61bb0f61a4cb560030f1222021178008a5727a23
  KeychainAccess: 3b1bf8a77eb4c6ea1ce9404c292e48f948954c6b
  Moya: 1741bc26d2a3ad30f0410750868c7661fdd3b180
  Pure: 357b42547feb653dd88d47ac7c8248bf84afaaad
  ReactorKit: a63c5e11e0fd32d59d672e54178b0ed2876b764b
  RxCocoa: fcf32050ac00d801f34a7f71d5e8e7f23026dcd8
  RxDataSources: efee07fa4de48477eca0a4611e6d11e2da9c1114
  RxKeyboard: 6683c4344304a00f943c158bd8a43ce5469c82a7
  RxRelay: 4f7409406a51a55cd88483f21ed898c234d60f18
  RxSwift: 8b0671caa829a763bbce7271095859121cbd895f
  RxSwiftExt: 0d2fd77523a169d1459be34961b996a194bdef0e
  RxViewController: 7330a46e5c31cd680db169da4c9fc8676e975a81
  SnapKit: 97b92857e3df3a0c71833cce143274bf6ef8e5eb
  SwiftLint: 5553187048b900c91aa03552807681bb6b027846
  Then: 90cd104fd951cec1980a03f57704ad8f784d4d79

PODFILE CHECKSUM: d04a3dfea0c0ab2cdae152466abbd635d9ca3b61

COCOAPODS: 1.7.5
